<?xml version="1.0" encoding="utf-8"?>
<Project ToolsVersion="4.0" xmlns="http://schemas.microsoft.com/developer/msbuild/2003">
  <ItemGroup>
    <Filter Include="Lib Kernel">
      <UniqueIdentifier>{b542c5cf-beb2-47c1-b38f-f5e025d49c5d}</UniqueIdentifier>
    </Filter>
    <Filter Include="Engine">
      <UniqueIdentifier>{b49a91bf-e1f0-4305-9b38-93cbd23c6f5e}</UniqueIdentifier>
    </Filter>
    <Filter Include="Core">
      <UniqueIdentifier>{4e7c18af-e614-4396-97ae-76c3430430da}</UniqueIdentifier>
    </Filter>
    <Filter Include="Core\Logging">
      <UniqueIdentifier>{9bb68211-8480-4c68-ab58-4eb869932cb0}</UniqueIdentifier>
    </Filter>
    <Filter Include="Math">
      <UniqueIdentifier>{706bd31e-a1ec-491e-9e88-84548efe290e}</UniqueIdentifier>
    </Filter>
  </ItemGroup>
  <ItemGroup>
    <ClInclude Include="pch.h">
      <Filter>Lib Kernel</Filter>
    </ClInclude>
    <ClInclude Include="Engine.h">
      <Filter>Engine</Filter>
    </ClInclude>
    <ClInclude Include="Logger.h">
      <Filter>Core\Logging</Filter>
    </ClInclude>
    <ClInclude Include="..\Third-Party\Include\AfterMath\AfterMath.h">
      <Filter>Math</Filter>
    </ClInclude>
    <ClInclude Include="..\Third-Party\Include\AfterMath\AfterMathInternal.h">
      <Filter>Math</Filter>
    </ClInclude>
    <ClInclude Include="..\Third-Party\Include\AfterMath\math_aabb.h">
      <Filter>Math</Filter>
    </ClInclude>
    <ClInclude Include="..\Third-Party\Include\AfterMath\math_config.h">
      <Filter>Math</Filter>
    </ClInclude>
    <ClInclude Include="..\Third-Party\Include\AfterMath\math_constants.h">
      <Filter>Math</Filter>
    </ClInclude>
    <ClInclude Include="..\Third-Party\Include\AfterMath\math_custom_template_vector.h">
      <Filter>Math</Filter>
    </ClInclude>
    <ClInclude Include="..\Third-Party\Include\AfterMath\math_fast_functions.h">
      <Filter>Math</Filter>
    </ClInclude>
    <ClInclude Include="..\Third-Party\Include\AfterMath\math_float2.h">
      <Filter>Math</Filter>
    </ClInclude>
    <ClInclude Include="..\Third-Party\Include\AfterMath\math_float2x2.h">
      <Filter>Math</Filter>
    </ClInclude>
    <ClInclude Include="..\Third-Party\Include\AfterMath\math_float3.h">
      <Filter>Math</Filter>
    </ClInclude>
    <ClInclude Include="..\Third-Party\Include\AfterMath\math_float3x3.h">
      <Filter>Math</Filter>
    </ClInclude>
    <ClInclude Include="..\Third-Party\Include\AfterMath\math_float4.h">
      <Filter>Math</Filter>
    </ClInclude>
    <ClInclude Include="..\Third-Party\Include\AfterMath\math_float4x4.h">
      <Filter>Math</Filter>
    </ClInclude>
    <ClInclude Include="..\Third-Party\Include\AfterMath\math_functions.h">
      <Filter>Math</Filter>
    </ClInclude>
    <ClInclude Include="..\Third-Party\Include\AfterMath\math_half.h">
      <Filter>Math</Filter>
    </ClInclude>
    <ClInclude Include="..\Third-Party\Include\AfterMath\math_half2.h">
      <Filter>Math</Filter>
    </ClInclude>
    <ClInclude Include="..\Third-Party\Include\AfterMath\math_half3.h">
      <Filter>Math</Filter>
    </ClInclude>
    <ClInclude Include="..\Third-Party\Include\AfterMath\math_half4.h">
      <Filter>Math</Filter>
    </ClInclude>
    <ClInclude Include="..\Third-Party\Include\AfterMath\math_quaternion.h">
      <Filter>Math</Filter>
    </ClInclude>
    <ClInclude Include="..\Third-Party\Include\AfterMath\math_template_vector2.h">
      <Filter>Math</Filter>
    </ClInclude>
    <ClInclude Include="..\Third-Party\Include\AfterMath\math_template_vector3.h">
      <Filter>Math</Filter>
    </ClInclude>
    <ClInclude Include="..\Third-Party\Include\AfterMath\math_template_vector4.h">
      <Filter>Math</Filter>
    </ClInclude>
  </ItemGroup>
  <ItemGroup>
    <ClCompile Include="pch.cpp">
      <Filter>Lib Kernel</Filter>
    </ClCompile>
    <ClCompile Include="Engine.cpp">
      <Filter>Engine</Filter>
    </ClCompile>
    <ClCompile Include="Logger.cpp">
      <Filter>Core\Logging</Filter>
    </ClCompile>
  </ItemGroup>
  <ItemGroup>
    <None Include="..\Third-Party\Include\AfterMath\math_aabb.inl">
      <Filter>Math</Filter>
    </None>
  </ItemGroup>
</Project>