<?xml version="1.0" encoding="utf-8"?>
<Project ToolsVersion="4.0" xmlns="http://schemas.microsoft.com/developer/msbuild/2003">
  <ItemGroup>
    <ClCompile Include="Application.cpp">
      <Filter>Application</Filter>
    </ClCompile>
    <ClCompile Include="entry_point.cpp">
      <Filter>Core\Kernel</Filter>
    </ClCompile>
    <ClCompile Include="render_backend.cpp">
      <Filter>Render\Backend</Filter>
    </ClCompile>
    <ClCompile Include="render.cpp">
      <Filter>Render\Core</Filter>
    </ClCompile>
    <ClCompile Include="log.cpp">
      <Filter>Core\Log</Filter>
    </ClCompile>
    <ClCompile Include="splash_screen.cpp">
      <Filter>Core\Windows\Splash screen</Filter>
    </ClCompile>
    <ClCompile Include="imgui_api.cpp">
      <Filter>Third-party implementations\Imgui implementation</Filter>
    </ClCompile>
    <ClCompile Include="OptickAPI.cpp">
      <Filter>Third-party implementations\Optick implementation</Filter>
    </ClCompile>
    <ClCompile Include="helper_window.cpp">
      <Filter>User interface\Windows\Helper window</Filter>
    </ClCompile>
    <ClCompile Include="filesystem.cpp">
      <Filter>Core\Filesystem</Filter>
    </ClCompile>
    <ClCompile Include="main_menu.cpp">
      <Filter>User interface\Windows\Main menu</Filter>
    </ClCompile>
    <ClCompile Include="scene.cpp">
      <Filter>Scene</Filter>
    </ClCompile>
    <ClCompile Include="MeshLoader.cpp">
      <Filter>Render\Resource manager</Filter>
    </ClCompile>
    <ClCompile Include="growable_array.cpp">
      <Filter>Core\Math\Growable array</Filter>
    </ClCompile>
    <ClCompile Include="cpu_identificator.cpp">
      <Filter>Core\CPU Identification</Filter>
    </ClCompile>
    <ClCompile Include="user_interface.cpp">
      <Filter>User interface\Core</Filter>
    </ClCompile>
    <ClCompile Include="loading_screen_window.cpp">
      <Filter>User interface\Windows\Loading window</Filter>
    </ClCompile>
    <ClCompile Include="main_window.cpp">
      <Filter>Core\Windows\Main window</Filter>
    </ClCompile>
    <ClCompile Include="Input.cpp">
      <Filter>Input</Filter>
    </ClCompile>
    <ClCompile Include="build_identificator.cpp">
      <Filter>Core\Build identification</Filter>
    </ClCompile>
    <ClCompile Include="camera.cpp">
      <Filter>Render\Camera</Filter>
    </ClCompile>
    <ClCompile Include="render_device.cpp">
      <Filter>Render\Core</Filter>
    </ClCompile>
    <ClCompile Include="DXUTcamera.cpp">
      <Filter>Render\Camera\DXUT</Filter>
    </ClCompile>
    <ClCompile Include="DXUTtimer.cpp">
      <Filter>Render\Camera\DXUT</Filter>
    </ClCompile>
  </ItemGroup>
  <ItemGroup>
    <ClInclude Include="Application.h">
      <Filter>Application</Filter>
    </ClInclude>
    <ClInclude Include="stdafx.h">
      <Filter>Core\Kernel</Filter>
    </ClInclude>
    <ClInclude Include="render_backend.h">
      <Filter>Render\Backend</Filter>
    </ClInclude>
    <ClInclude Include="render.h">
      <Filter>Render\Core</Filter>
    </ClInclude>
    <ClInclude Include="log.h">
      <Filter>Core\Log</Filter>
    </ClInclude>
    <ClInclude Include="threading.h">
      <Filter>Core\Threading</Filter>
    </ClInclude>
    <ClInclude Include="filesystem.h">
      <Filter>Core\Filesystem</Filter>
    </ClInclude>
    <ClInclude Include="defines.h">
      <Filter>Core\Kernel</Filter>
    </ClInclude>
    <ClInclude Include="splash_screen.h">
      <Filter>Core\Windows\Splash screen</Filter>
    </ClInclude>
    <ClInclude Include="resource.h">
      <Filter>Core\Kernel\Application resources</Filter>
    </ClInclude>
    <ClInclude Include="imgui_api.h">
      <Filter>Third-party implementations\Imgui implementation</Filter>
    </ClInclude>
    <ClInclude Include="OptickAPI.h">
      <Filter>Third-party implementations\Optick implementation</Filter>
    </ClInclude>
    <ClInclude Include="helper_window.h">
      <Filter>User interface\Windows\Helper window</Filter>
    </ClInclude>
    <ClInclude Include="main_menu.h">
      <Filter>User interface\Windows\Main menu</Filter>
    </ClInclude>
    <ClInclude Include="scene.h">
      <Filter>Scene</Filter>
    </ClInclude>
    <ClInclude Include="MeshLoader.h">
      <Filter>Render\Resource manager</Filter>
    </ClInclude>
    <ClInclude Include="growable_array.h">
      <Filter>Core\Math\Growable array</Filter>
    </ClInclude>
    <ClInclude Include="types.h">
      <Filter>Core\Kernel</Filter>
    </ClInclude>
    <ClInclude Include="cpu_identificator.h">
      <Filter>Core\CPU Identification</Filter>
    </ClInclude>
    <ClInclude Include="user_interface.h">
      <Filter>User interface\Core</Filter>
    </ClInclude>
    <ClInclude Include="loading_screen_window.h">
      <Filter>User interface\Windows\Loading window</Filter>
    </ClInclude>
    <ClInclude Include="main_window.h">
      <Filter>Core\Windows\Main window</Filter>
    </ClInclude>
    <ClInclude Include="Input.h">
      <Filter>Input</Filter>
    </ClInclude>
    <ClInclude Include="build_identificator.h">
      <Filter>Core\Build identification</Filter>
    </ClInclude>
    <ClInclude Include="camera.h">
      <Filter>Render\Camera</Filter>
    </ClInclude>
    <ClInclude Include="matrix.h">
      <Filter>Core\Math\Matrix</Filter>
    </ClInclude>
    <ClInclude Include="vector2.h">
      <Filter>Core\Math\Vectors</Filter>
    </ClInclude>
    <ClInclude Include="vector3.h">
      <Filter>Core\Math\Vectors</Filter>
    </ClInclude>
    <ClInclude Include="vector4.h">
      <Filter>Core\Math\Vectors</Filter>
    </ClInclude>
    <ClInclude Include="DXUTcamera.h">
      <Filter>Render\Camera\DXUT</Filter>
    </ClInclude>
    <ClInclude Include="DXUTtimer.h">
      <Filter>Render\Camera\DXUT</Filter>
    </ClInclude>
  </ItemGroup>
  <ItemGroup>
    <Filter Include="Render">
      <UniqueIdentifier>{66eb38e2-6b9d-4e97-b6fd-c98d28adf8d5}</UniqueIdentifier>
    </Filter>
    <Filter Include="Render\Backend">
      <UniqueIdentifier>{ec946da8-b1fb-4be3-982d-a6014d92fe9a}</UniqueIdentifier>
    </Filter>
    <Filter Include="Render\Core">
      <UniqueIdentifier>{674f84b9-f680-4b8a-8f22-cd53c563025e}</UniqueIdentifier>
    </Filter>
    <Filter Include="Third-party implementations">
      <UniqueIdentifier>{bac53889-5198-456c-9abf-3782ef11cde1}</UniqueIdentifier>
    </Filter>
    <Filter Include="Third-party implementations\Imgui implementation">
      <UniqueIdentifier>{b4ad1769-255a-45d7-a74c-e9a01d43e20d}</UniqueIdentifier>
    </Filter>
    <Filter Include="Third-party implementations\Optick implementation">
      <UniqueIdentifier>{a9c9402a-5026-4c55-92fd-71046794f0b8}</UniqueIdentifier>
    </Filter>
    <Filter Include="User interface">
      <UniqueIdentifier>{6f8e98cb-902a-4912-8d00-0496bf2c246c}</UniqueIdentifier>
    </Filter>
    <Filter Include="Scene">
      <UniqueIdentifier>{1866c7c7-7d3c-47dc-8eae-074d374bf42c}</UniqueIdentifier>
    </Filter>
    <Filter Include="Render\Resource manager">
      <UniqueIdentifier>{67763e31-4f6d-48a6-9a73-73e79d1f95c5}</UniqueIdentifier>
    </Filter>
    <Filter Include="User interface\Core">
      <UniqueIdentifier>{34517174-8f86-48d7-b971-8468f25b83da}</UniqueIdentifier>
    </Filter>
    <Filter Include="User interface\Windows">
      <UniqueIdentifier>{9bbee05f-b4db-4123-b4d3-272f54d46a97}</UniqueIdentifier>
    </Filter>
    <Filter Include="User interface\Windows\Helper window">
      <UniqueIdentifier>{8601af56-afb2-4e10-b351-00d6c367bf60}</UniqueIdentifier>
    </Filter>
    <Filter Include="User interface\Windows\Main menu">
      <UniqueIdentifier>{4be4ee3b-a3e7-459d-bc92-5a3926077f4a}</UniqueIdentifier>
    </Filter>
    <Filter Include="User interface\Windows\Loading window">
      <UniqueIdentifier>{bade395a-b27c-467f-9def-c806e348535c}</UniqueIdentifier>
    </Filter>
    <Filter Include="Input">
      <UniqueIdentifier>{f9560477-1197-4143-afa5-08b533773a17}</UniqueIdentifier>
    </Filter>
    <Filter Include="Core">
      <UniqueIdentifier>{20a78344-617c-4d32-910b-bb2ddbcc81c8}</UniqueIdentifier>
    </Filter>
    <Filter Include="Core\Kernel">
      <UniqueIdentifier>{94c682e7-0deb-4193-bf29-c70fb1c8f42b}</UniqueIdentifier>
    </Filter>
    <Filter Include="Core\Kernel\Application resources">
      <UniqueIdentifier>{49f5560b-15d2-4d82-8332-add6bff9a540}</UniqueIdentifier>
    </Filter>
    <Filter Include="Core\Log">
      <UniqueIdentifier>{2317b261-7bed-4dd9-8250-cb988031028e}</UniqueIdentifier>
    </Filter>
    <Filter Include="Core\Math">
      <UniqueIdentifier>{0dfdcdce-8148-473b-a5f0-4036ce36458f}</UniqueIdentifier>
    </Filter>
    <Filter Include="Core\Math\Growable array">
      <UniqueIdentifier>{9fe9d30a-e7bd-4ed6-a7c7-c950e026c76d}</UniqueIdentifier>
    </Filter>
    <Filter Include="Core\Filesystem">
      <UniqueIdentifier>{0deecb8c-381f-47ec-a335-f339a87c9832}</UniqueIdentifier>
    </Filter>
    <Filter Include="Core\CPU Identification">
      <UniqueIdentifier>{c3b742b3-2de4-44ed-a3f7-63e1609df15c}</UniqueIdentifier>
    </Filter>
    <Filter Include="Core\Threading">
      <UniqueIdentifier>{d9c2cbd1-daa3-41da-9954-c4463d30902a}</UniqueIdentifier>
    </Filter>
    <Filter Include="Application">
      <UniqueIdentifier>{4c79aad6-7d67-402e-803c-fc3245e03771}</UniqueIdentifier>
    </Filter>
    <Filter Include="Core\Windows">
      <UniqueIdentifier>{a5bbe24e-4b17-4718-baf7-420a937e956a}</UniqueIdentifier>
    </Filter>
    <Filter Include="Core\Windows\Main window">
      <UniqueIdentifier>{8424f532-b525-410e-86b8-4e335d7fcce1}</UniqueIdentifier>
    </Filter>
    <Filter Include="Core\Windows\Splash screen">
      <UniqueIdentifier>{75c5282f-2199-4ca4-95b1-1b05b2524355}</UniqueIdentifier>
    </Filter>
    <Filter Include="Core\Build identification">
      <UniqueIdentifier>{04e2061b-a258-4172-a411-c221137ed653}</UniqueIdentifier>
    </Filter>
    <Filter Include="Render\Camera">
      <UniqueIdentifier>{ae38b1d2-c99e-49bc-8bf8-53965320a2bb}</UniqueIdentifier>
    </Filter>
    <Filter Include="Core\Kernel\Application resources\Images">
      <UniqueIdentifier>{d484beec-319f-434d-9746-bcf37bc9b6f0}</UniqueIdentifier>
    </Filter>
    <Filter Include="Core\Math\Matrix">
      <UniqueIdentifier>{83dada92-dae9-45fa-b8f0-cb1a39b63624}</UniqueIdentifier>
    </Filter>
    <Filter Include="Core\Math\Vectors">
      <UniqueIdentifier>{2a41d156-c504-4070-8f24-deb11e513a5d}</UniqueIdentifier>
    </Filter>
    <Filter Include="Render\Camera\DXUT">
      <UniqueIdentifier>{b11d3bdc-6888-4e43-adbb-a00a6de9825b}</UniqueIdentifier>
    </Filter>
  </ItemGroup>
  <ItemGroup>
    <ResourceCompile Include="resource.rc">
      <Filter>Core\Kernel\Application resources</Filter>
    </ResourceCompile>
  </ItemGroup>
  <ItemGroup>
    <Image Include="armillary.ico">
      <Filter>Core\Kernel\Application resources\Images</Filter>
    </Image>
    <Image Include="bitmap.bmp">
      <Filter>Core\Kernel\Application resources\Images</Filter>
    </Image>
    <Image Include="armillary.ico">
      <Filter>Core\Kernel\Application resources</Filter>
    </Image>
  </ItemGroup>
</Project>