<?xml version="1.0" encoding="utf-8"?>
<Project ToolsVersion="4.0" xmlns="http://schemas.microsoft.com/developer/msbuild/2003">
  <ItemGroup>
    <ClCompile Include="Application.cpp">
      <Filter>Application</Filter>
    </ClCompile>
    <ClCompile Include="entry_point.cpp">
      <Filter>Kernel</Filter>
    </ClCompile>
    <ClCompile Include="render_backend.cpp">
      <Filter>Render\Backend</Filter>
    </ClCompile>
    <ClCompile Include="render.cpp">
      <Filter>Render\Core</Filter>
    </ClCompile>
    <ClCompile Include="log.cpp">
      <Filter>Log</Filter>
    </ClCompile>
  </ItemGroup>
  <ItemGroup>
    <ClInclude Include="Application.h">
      <Filter>Application</Filter>
    </ClInclude>
    <ClInclude Include="stdafx.h">
      <Filter>Kernel</Filter>
    </ClInclude>
    <ClInclude Include="render_backend.h">
      <Filter>Render\Backend</Filter>
    </ClInclude>
    <ClInclude Include="render.h">
      <Filter>Render\Core</Filter>
    </ClInclude>
    <ClInclude Include="log.h">
      <Filter>Log</Filter>
    </ClInclude>
    <ClInclude Include="types.h">
      <Filter>Kernel</Filter>
    </ClInclude>
    <ClInclude Include="build_identification_helper.h">
      <Filter>Helpers</Filter>
    </ClInclude>
  </ItemGroup>
  <ItemGroup>
    <Filter Include="Application">
      <UniqueIdentifier>{4c79aad6-7d67-402e-803c-fc3245e03771}</UniqueIdentifier>
    </Filter>
    <Filter Include="Kernel">
      <UniqueIdentifier>{94c682e7-0deb-4193-bf29-c70fb1c8f42b}</UniqueIdentifier>
    </Filter>
    <Filter Include="Render">
      <UniqueIdentifier>{66eb38e2-6b9d-4e97-b6fd-c98d28adf8d5}</UniqueIdentifier>
    </Filter>
    <Filter Include="Render\Backend">
      <UniqueIdentifier>{ec946da8-b1fb-4be3-982d-a6014d92fe9a}</UniqueIdentifier>
    </Filter>
    <Filter Include="Render\Core">
      <UniqueIdentifier>{674f84b9-f680-4b8a-8f22-cd53c563025e}</UniqueIdentifier>
    </Filter>
    <Filter Include="Render\Window">
      <UniqueIdentifier>{3fca8167-4d78-4913-a641-004d2a11ba00}</UniqueIdentifier>
    </Filter>
    <Filter Include="Log">
      <UniqueIdentifier>{2317b261-7bed-4dd9-8250-cb988031028e}</UniqueIdentifier>
    </Filter>
    <Filter Include="Helpers">
      <UniqueIdentifier>{398cebd4-5ed6-45c0-aa59-350137dcba14}</UniqueIdentifier>
    </Filter>
  </ItemGroup>
  <ItemGroup>
    <None Include="cpp.hint" />
  </ItemGroup>
</Project>