<?xml version="1.0" encoding="utf-8"?>
<Project ToolsVersion="4.0" xmlns="http://schemas.microsoft.com/developer/msbuild/2003">
  <ItemGroup>
    <ClCompile Include="entry_point.cpp">
      <Filter>Kernel</Filter>
    </ClCompile>
    <ClCompile Include="Engine.cpp">
      <Filter>Engine</Filter>
    </ClCompile>
    <ClCompile Include="stdafx.cpp">
      <Filter>Kernel</Filter>
    </ClCompile>
  </ItemGroup>
  <ItemGroup>
    <ClInclude Include="stdafx.h">
      <Filter>Kernel</Filter>
    </ClInclude>
    <ClInclude Include="resource.h">
      <Filter>Application resources</Filter>
    </ClInclude>
    <ClInclude Include="Engine.h">
      <Filter>Engine</Filter>
    </ClInclude>
  </ItemGroup>
  <ItemGroup>
    <Filter Include="Kernel">
      <UniqueIdentifier>{94c682e7-0deb-4193-bf29-c70fb1c8f42b}</UniqueIdentifier>
    </Filter>
    <Filter Include="Engine">
      <UniqueIdentifier>{346cd8da-3494-4391-84a0-49b965044066}</UniqueIdentifier>
    </Filter>
    <Filter Include="Application resources">
      <UniqueIdentifier>{49f5560b-15d2-4d82-8332-add6bff9a540}</UniqueIdentifier>
    </Filter>
    <Filter Include="Application resources\Images">
      <UniqueIdentifier>{d484beec-319f-434d-9746-bcf37bc9b6f0}</UniqueIdentifier>
    </Filter>
  </ItemGroup>
  <ItemGroup>
    <ResourceCompile Include="resource.rc">
      <Filter>Application resources</Filter>
    </ResourceCompile>
  </ItemGroup>
  <ItemGroup>
    <Image Include="splash.bmp">
      <Filter>Application resources\Images</Filter>
    </Image>
    <Image Include="armillary.ico" />
    <Image Include="armillary.ico">
      <Filter>Application resources\Images</Filter>
    </Image>
  </ItemGroup>
</Project>