
Microsoft Visual Studio Solution File, Format Version 12.00
# Visual Studio Version 16
VisualStudioVersion = 16.0.32228.343
MinimumVisualStudioVersion = 10.0.40219.1
Project("{8BC9CEB8-8B4A-11D0-8D11-00A0C91BC942}") = "Test engine", "Test engine.vcxproj", "{BF2A6ED6-0D8D-4EF2-B29C-099901D8F9A6}"
EndProject
Global
	GlobalSection(SolutionConfigurationPlatforms) = preSolution
		Debug|x64 = Debug|x64
		Debug|x86 = Debug|x86
		Release|x64 = Release|x64
		Release|x86 = Release|x86
	EndGlobalSection
	GlobalSection(ProjectConfigurationPlatforms) = postSolution
		{BF2A6ED6-0D8D-4EF2-B29C-099901D8F9A6}.Debug|x64.ActiveCfg = Debug|x64
		{BF2A6ED6-0D8D-4EF2-B29C-099901D8F9A6}.Debug|x64.Build.0 = Debug|x64
		{BF2A6ED6-0D8D-4EF2-B29C-099901D8F9A6}.Debug|x86.ActiveCfg = Debug|Win32
		{BF2A6ED6-0D8D-4EF2-B29C-099901D8F9A6}.Debug|x86.Build.0 = Debug|Win32
		{BF2A6ED6-0D8D-4EF2-B29C-099901D8F9A6}.Release|x64.ActiveCfg = Release|x64
		{BF2A6ED6-0D8D-4EF2-B29C-099901D8F9A6}.Release|x64.Build.0 = Release|x64
		{BF2A6ED6-0D8D-4EF2-B29C-099901D8F9A6}.Release|x86.ActiveCfg = Release|Win32
		{BF2A6ED6-0D8D-4EF2-B29C-099901D8F9A6}.Release|x86.Build.0 = Release|Win32
	EndGlobalSection
	GlobalSection(SolutionProperties) = preSolution
		HideSolutionNode = FALSE
	EndGlobalSection
	GlobalSection(ExtensibilityGlobals) = postSolution
		SolutionGuid = {444A22FA-0AB7-4F80-9783-E0CC7E6EE075}
	EndGlobalSection
EndGlobal
