<?xml version="1.0" encoding="utf-8"?>
<Project ToolsVersion="4.0" xmlns="http://schemas.microsoft.com/developer/msbuild/2003">
  <ItemGroup>
    <ClInclude Include="stdafx.h">
      <Filter>Kernel</Filter>
    </ClInclude>
    <ClInclude Include="Game.h">
      <Filter>Game implementation</Filter>
    </ClInclude>
  </ItemGroup>
  <ItemGroup>
    <Filter Include="Kernel">
      <UniqueIdentifier>{94c682e7-0deb-4193-bf29-c70fb1c8f42b}</UniqueIdentifier>
    </Filter>
    <Filter Include="Game implementation">
      <UniqueIdentifier>{b8e5d6a0-8fa9-4c76-b138-00953eacbbac}</UniqueIdentifier>
    </Filter>
  </ItemGroup>
  <ItemGroup>
    <ClCompile Include="Game.cpp">
      <Filter>Game implementation</Filter>
    </ClCompile>
    <ClCompile Include="stdafx.cpp">
      <Filter>Kernel</Filter>
    </ClCompile>
  </ItemGroup>
</Project>