
Microsoft Visual Studio Solution File, Format Version 12.00
# Visual Studio Version 16
VisualStudioVersion = 16.0.32228.343
MinimumVisualStudioVersion = 10.0.40219.1
Project("{2150E333-8FDC-42A3-9474-1A3956D46DE8}") = "Tests", "Tests", "{32A39A0E-F606-48D8-A740-5A8D22ABCA3F}"
EndProject
Project("{8BC9CEB8-8B4A-11D0-8D11-00A0C91BC942}") = "OptickCore", "Third-Party\Include\Optick\OptickCore.vcxproj", "{830934D9-6F6C-C37D-18F2-FB3304348F00}"
EndProject
Project("{2150E333-8FDC-42A3-9474-1A3956D46DE8}") = "Third-Party", "Third-Party", "{DD76EAAC-07DB-4EF5-8C2D-F960D695AA4A}"
EndProject
Project("{8BC9CEB8-8B4A-11D0-8D11-00A0C91BC942}") = "Imgui", "Third-Party\Include\Imgui\Imgui.vcxproj", "{416E416C-4CE6-4163-888B-884D8AD77F7B}"
EndProject
Project("{8BC9CEB8-8B4A-11D0-8D11-00A0C91BC942}") = "Armillary", "Engine\Armillary.vcxproj", "{015B628E-86AE-4D37-97DD-3700EF946707}"
EndProject
Project("{8BC9CEB8-8B4A-11D0-8D11-00A0C91BC942}") = "XInputSample", "Tests\XInputSample\XInputSample.vcxproj", "{A3F98093-D560-454F-B2E1-A19271CF4C44}"
EndProject
Project("{8BC9CEB8-8B4A-11D0-8D11-00A0C91BC942}") = "DX9_Sample", "Tests\DX9ImguiSample\DX9_Sample.vcxproj", "{2E75D4B4-594F-4DA9-9525-820B7DA68DD5}"
EndProject
Project("{8BC9CEB8-8B4A-11D0-8D11-00A0C91BC942}") = "MeshFromOBJ", "Tests\MeshFromOBJ\MeshFromObj.vcxproj", "{3F97CADE-518D-46D0-AD54-16668A9F82F6}"
EndProject
Project("{8BC9CEB8-8B4A-11D0-8D11-00A0C91BC942}") = "SDL", "Third-Party\Include\SDL\SDL.vcxproj", "{FD6FAD3A-1F59-4664-8E23-B3D670F774B2}"
EndProject
Global
	GlobalSection(SolutionConfigurationPlatforms) = preSolution
		Debug|x64 = Debug|x64
		Debug|x86 = Debug|x86
		Release|x64 = Release|x64
		Release|x86 = Release|x86
	EndGlobalSection
	GlobalSection(ProjectConfigurationPlatforms) = postSolution
		{830934D9-6F6C-C37D-18F2-FB3304348F00}.Debug|x64.ActiveCfg = Debug|x64
		{830934D9-6F6C-C37D-18F2-FB3304348F00}.Debug|x64.Build.0 = Debug|x64
		{830934D9-6F6C-C37D-18F2-FB3304348F00}.Debug|x86.ActiveCfg = Debug|Win32
		{830934D9-6F6C-C37D-18F2-FB3304348F00}.Debug|x86.Build.0 = Debug|Win32
		{830934D9-6F6C-C37D-18F2-FB3304348F00}.Release|x64.ActiveCfg = Release|x64
		{830934D9-6F6C-C37D-18F2-FB3304348F00}.Release|x64.Build.0 = Release|x64
		{830934D9-6F6C-C37D-18F2-FB3304348F00}.Release|x86.ActiveCfg = Release|Win32
		{830934D9-6F6C-C37D-18F2-FB3304348F00}.Release|x86.Build.0 = Release|Win32
		{416E416C-4CE6-4163-888B-884D8AD77F7B}.Debug|x64.ActiveCfg = Debug|x64
		{416E416C-4CE6-4163-888B-884D8AD77F7B}.Debug|x64.Build.0 = Debug|x64
		{416E416C-4CE6-4163-888B-884D8AD77F7B}.Debug|x86.ActiveCfg = Debug|Win32
		{416E416C-4CE6-4163-888B-884D8AD77F7B}.Debug|x86.Build.0 = Debug|Win32
		{416E416C-4CE6-4163-888B-884D8AD77F7B}.Release|x64.ActiveCfg = Release|x64
		{416E416C-4CE6-4163-888B-884D8AD77F7B}.Release|x64.Build.0 = Release|x64
		{416E416C-4CE6-4163-888B-884D8AD77F7B}.Release|x86.ActiveCfg = Release|Win32
		{416E416C-4CE6-4163-888B-884D8AD77F7B}.Release|x86.Build.0 = Release|Win32
		{015B628E-86AE-4D37-97DD-3700EF946707}.Debug|x64.ActiveCfg = Debug|x64
		{015B628E-86AE-4D37-97DD-3700EF946707}.Debug|x64.Build.0 = Debug|x64
		{015B628E-86AE-4D37-97DD-3700EF946707}.Debug|x86.ActiveCfg = Debug|Win32
		{015B628E-86AE-4D37-97DD-3700EF946707}.Debug|x86.Build.0 = Debug|Win32
		{015B628E-86AE-4D37-97DD-3700EF946707}.Release|x64.ActiveCfg = Release|x64
		{015B628E-86AE-4D37-97DD-3700EF946707}.Release|x64.Build.0 = Release|x64
		{015B628E-86AE-4D37-97DD-3700EF946707}.Release|x86.ActiveCfg = Release|Win32
		{015B628E-86AE-4D37-97DD-3700EF946707}.Release|x86.Build.0 = Release|Win32
		{A3F98093-D560-454F-B2E1-A19271CF4C44}.Debug|x64.ActiveCfg = Debug|x64
		{A3F98093-D560-454F-B2E1-A19271CF4C44}.Debug|x64.Build.0 = Debug|x64
		{A3F98093-D560-454F-B2E1-A19271CF4C44}.Debug|x86.ActiveCfg = Debug|Win32
		{A3F98093-D560-454F-B2E1-A19271CF4C44}.Debug|x86.Build.0 = Debug|Win32
		{A3F98093-D560-454F-B2E1-A19271CF4C44}.Release|x64.ActiveCfg = Release|x64
		{A3F98093-D560-454F-B2E1-A19271CF4C44}.Release|x64.Build.0 = Release|x64
		{A3F98093-D560-454F-B2E1-A19271CF4C44}.Release|x86.ActiveCfg = Release|Win32
		{A3F98093-D560-454F-B2E1-A19271CF4C44}.Release|x86.Build.0 = Release|Win32
		{2E75D4B4-594F-4DA9-9525-820B7DA68DD5}.Debug|x64.ActiveCfg = Debug|x64
		{2E75D4B4-594F-4DA9-9525-820B7DA68DD5}.Debug|x64.Build.0 = Debug|x64
		{2E75D4B4-594F-4DA9-9525-820B7DA68DD5}.Debug|x86.ActiveCfg = Debug|Win32
		{2E75D4B4-594F-4DA9-9525-820B7DA68DD5}.Debug|x86.Build.0 = Debug|Win32
		{2E75D4B4-594F-4DA9-9525-820B7DA68DD5}.Release|x64.ActiveCfg = Release|x64
		{2E75D4B4-594F-4DA9-9525-820B7DA68DD5}.Release|x64.Build.0 = Release|x64
		{2E75D4B4-594F-4DA9-9525-820B7DA68DD5}.Release|x86.ActiveCfg = Release|Win32
		{2E75D4B4-594F-4DA9-9525-820B7DA68DD5}.Release|x86.Build.0 = Release|Win32
		{3F97CADE-518D-46D0-AD54-16668A9F82F6}.Debug|x64.ActiveCfg = Debug|x64
		{3F97CADE-518D-46D0-AD54-16668A9F82F6}.Debug|x64.Build.0 = Debug|x64
		{3F97CADE-518D-46D0-AD54-16668A9F82F6}.Debug|x86.ActiveCfg = Debug|Win32
		{3F97CADE-518D-46D0-AD54-16668A9F82F6}.Debug|x86.Build.0 = Debug|Win32
		{3F97CADE-518D-46D0-AD54-16668A9F82F6}.Release|x64.ActiveCfg = Release|x64
		{3F97CADE-518D-46D0-AD54-16668A9F82F6}.Release|x64.Build.0 = Release|x64
		{3F97CADE-518D-46D0-AD54-16668A9F82F6}.Release|x86.ActiveCfg = Release|Win32
		{3F97CADE-518D-46D0-AD54-16668A9F82F6}.Release|x86.Build.0 = Release|Win32
		{FD6FAD3A-1F59-4664-8E23-B3D670F774B2}.Debug|x64.ActiveCfg = Debug|x64
		{FD6FAD3A-1F59-4664-8E23-B3D670F774B2}.Debug|x64.Build.0 = Debug|x64
		{FD6FAD3A-1F59-4664-8E23-B3D670F774B2}.Debug|x86.ActiveCfg = Debug|Win32
		{FD6FAD3A-1F59-4664-8E23-B3D670F774B2}.Debug|x86.Build.0 = Debug|Win32
		{FD6FAD3A-1F59-4664-8E23-B3D670F774B2}.Release|x64.ActiveCfg = Release|x64
		{FD6FAD3A-1F59-4664-8E23-B3D670F774B2}.Release|x64.Build.0 = Release|x64
		{FD6FAD3A-1F59-4664-8E23-B3D670F774B2}.Release|x86.ActiveCfg = Release|Win32
		{FD6FAD3A-1F59-4664-8E23-B3D670F774B2}.Release|x86.Build.0 = Release|Win32
	EndGlobalSection
	GlobalSection(SolutionProperties) = preSolution
		HideSolutionNode = FALSE
	EndGlobalSection
	GlobalSection(NestedProjects) = preSolution
		{830934D9-6F6C-C37D-18F2-FB3304348F00} = {DD76EAAC-07DB-4EF5-8C2D-F960D695AA4A}
		{416E416C-4CE6-4163-888B-884D8AD77F7B} = {DD76EAAC-07DB-4EF5-8C2D-F960D695AA4A}
		{A3F98093-D560-454F-B2E1-A19271CF4C44} = {32A39A0E-F606-48D8-A740-5A8D22ABCA3F}
		{2E75D4B4-594F-4DA9-9525-820B7DA68DD5} = {32A39A0E-F606-48D8-A740-5A8D22ABCA3F}
		{3F97CADE-518D-46D0-AD54-16668A9F82F6} = {32A39A0E-F606-48D8-A740-5A8D22ABCA3F}
		{FD6FAD3A-1F59-4664-8E23-B3D670F774B2} = {DD76EAAC-07DB-4EF5-8C2D-F960D695AA4A}
	EndGlobalSection
	GlobalSection(ExtensibilityGlobals) = postSolution
		SolutionGuid = {444A22FA-0AB7-4F80-9783-E0CC7E6EE075}
	EndGlobalSection
EndGlobal
