
Microsoft Visual Studio Solution File, Format Version 12.00
# Visual Studio Version 16
VisualStudioVersion = 16.0.32228.343
MinimumVisualStudioVersion = 10.0.40219.1
Project("{8BC9CEB8-8B4A-11D0-8D11-00A0C91BC942}") = "OptickCore", "Third-Party\Include\Optick\OptickCore.vcxproj", "{830934D9-6F6C-C37D-18F2-FB3304348F00}"
EndProject
Project("{2150E333-8FDC-42A3-9474-1A3956D46DE8}") = "Third-Party", "Third-Party", "{DD76EAAC-07DB-4EF5-8C2D-F960D695AA4A}"
EndProject
Project("{8BC9CEB8-8B4A-11D0-8D11-00A0C91BC942}") = "Imgui", "Third-Party\Include\Imgui\Imgui.vcxproj", "{416E416C-4CE6-4163-888B-884D8AD77F7B}"
EndProject
Project("{8BC9CEB8-8B4A-11D0-8D11-00A0C91BC942}") = "SDL", "Third-Party\Include\SDL\SDL.vcxproj", "{FD6FAD3A-1F59-4664-8E23-B3D670F774B2}"
EndProject
Project("{8BC9CEB8-8B4A-11D0-8D11-00A0C91BC942}") = "Shaders", "..\GameResources\shaders\Armillary Shaders.vcxproj", "{E0F41BFF-6925-4934-A9DD-A043F13B0E97}"
EndProject
Project("{8BC9CEB8-8B4A-11D0-8D11-00A0C91BC942}") = "Engine", "Engine\Engine.vcxproj", "{015B628E-86AE-4D37-97DD-3700EF946707}"
	ProjectSection(ProjectDependencies) = postProject
		{45D18B60-554E-4A8A-B22E-95A4D6EDE07E} = {45D18B60-554E-4A8A-B22E-95A4D6EDE07E}
		{C01FA6C5-F870-40E0-9AEB-CF709D5125F5} = {C01FA6C5-F870-40E0-9AEB-CF709D5125F5}
	EndProjectSection
EndProject
Project("{8BC9CEB8-8B4A-11D0-8D11-00A0C91BC942}") = "Core", "Core\Core.vcxproj", "{C01FA6C5-F870-40E0-9AEB-CF709D5125F5}"
EndProject
Project("{8BC9CEB8-8B4A-11D0-8D11-00A0C91BC942}") = "Game", "Game\Game.vcxproj", "{45D18B60-554E-4A8A-B22E-95A4D6EDE07E}"
	ProjectSection(ProjectDependencies) = postProject
		{C01FA6C5-F870-40E0-9AEB-CF709D5125F5} = {C01FA6C5-F870-40E0-9AEB-CF709D5125F5}
	EndProjectSection
EndProject
Project("{8BC9CEB8-8B4A-11D0-8D11-00A0C91BC942}") = "Rendeructor", "Third-Party\Include\Rendeructor\Rendeructor.vcxproj", "{39EBA7BD-1B31-4479-B4D3-12072F4FE839}"
EndProject
Global
	GlobalSection(SolutionConfigurationPlatforms) = preSolution
		Debug|Any CPU = Debug|Any CPU
		Debug|x64 = Debug|x64
		Debug|x86 = Debug|x86
		Release|Any CPU = Release|Any CPU
		Release|x64 = Release|x64
		Release|x86 = Release|x86
	EndGlobalSection
	GlobalSection(ProjectConfigurationPlatforms) = postSolution
		{830934D9-6F6C-C37D-18F2-FB3304348F00}.Debug|Any CPU.ActiveCfg = Debug|Win32
		{830934D9-6F6C-C37D-18F2-FB3304348F00}.Debug|x64.ActiveCfg = Debug|x64
		{830934D9-6F6C-C37D-18F2-FB3304348F00}.Debug|x64.Build.0 = Debug|x64
		{830934D9-6F6C-C37D-18F2-FB3304348F00}.Debug|x86.ActiveCfg = Debug|Win32
		{830934D9-6F6C-C37D-18F2-FB3304348F00}.Debug|x86.Build.0 = Debug|Win32
		{830934D9-6F6C-C37D-18F2-FB3304348F00}.Release|Any CPU.ActiveCfg = Release|Win32
		{830934D9-6F6C-C37D-18F2-FB3304348F00}.Release|x64.ActiveCfg = Release|x64
		{830934D9-6F6C-C37D-18F2-FB3304348F00}.Release|x64.Build.0 = Release|x64
		{830934D9-6F6C-C37D-18F2-FB3304348F00}.Release|x86.ActiveCfg = Release|Win32
		{830934D9-6F6C-C37D-18F2-FB3304348F00}.Release|x86.Build.0 = Release|Win32
		{416E416C-4CE6-4163-888B-884D8AD77F7B}.Debug|Any CPU.ActiveCfg = Debug|Win32
		{416E416C-4CE6-4163-888B-884D8AD77F7B}.Debug|x64.ActiveCfg = Debug|x64
		{416E416C-4CE6-4163-888B-884D8AD77F7B}.Debug|x64.Build.0 = Debug|x64
		{416E416C-4CE6-4163-888B-884D8AD77F7B}.Debug|x86.ActiveCfg = Debug|Win32
		{416E416C-4CE6-4163-888B-884D8AD77F7B}.Debug|x86.Build.0 = Debug|Win32
		{416E416C-4CE6-4163-888B-884D8AD77F7B}.Release|Any CPU.ActiveCfg = Release|Win32
		{416E416C-4CE6-4163-888B-884D8AD77F7B}.Release|x64.ActiveCfg = Release|x64
		{416E416C-4CE6-4163-888B-884D8AD77F7B}.Release|x64.Build.0 = Release|x64
		{416E416C-4CE6-4163-888B-884D8AD77F7B}.Release|x86.ActiveCfg = Release|Win32
		{416E416C-4CE6-4163-888B-884D8AD77F7B}.Release|x86.Build.0 = Release|Win32
		{FD6FAD3A-1F59-4664-8E23-B3D670F774B2}.Debug|Any CPU.ActiveCfg = Debug|Win32
		{FD6FAD3A-1F59-4664-8E23-B3D670F774B2}.Debug|x64.ActiveCfg = Debug|x64
		{FD6FAD3A-1F59-4664-8E23-B3D670F774B2}.Debug|x64.Build.0 = Debug|x64
		{FD6FAD3A-1F59-4664-8E23-B3D670F774B2}.Debug|x86.ActiveCfg = Debug|Win32
		{FD6FAD3A-1F59-4664-8E23-B3D670F774B2}.Debug|x86.Build.0 = Debug|Win32
		{FD6FAD3A-1F59-4664-8E23-B3D670F774B2}.Release|Any CPU.ActiveCfg = Release|Win32
		{FD6FAD3A-1F59-4664-8E23-B3D670F774B2}.Release|x64.ActiveCfg = Release|x64
		{FD6FAD3A-1F59-4664-8E23-B3D670F774B2}.Release|x64.Build.0 = Release|x64
		{FD6FAD3A-1F59-4664-8E23-B3D670F774B2}.Release|x86.ActiveCfg = Release|Win32
		{FD6FAD3A-1F59-4664-8E23-B3D670F774B2}.Release|x86.Build.0 = Release|Win32
		{E0F41BFF-6925-4934-A9DD-A043F13B0E97}.Debug|Any CPU.ActiveCfg = Debug|Win32
		{E0F41BFF-6925-4934-A9DD-A043F13B0E97}.Debug|x64.ActiveCfg = Debug|x64
		{E0F41BFF-6925-4934-A9DD-A043F13B0E97}.Debug|x64.Build.0 = Debug|x64
		{E0F41BFF-6925-4934-A9DD-A043F13B0E97}.Debug|x86.ActiveCfg = Debug|Win32
		{E0F41BFF-6925-4934-A9DD-A043F13B0E97}.Debug|x86.Build.0 = Debug|Win32
		{E0F41BFF-6925-4934-A9DD-A043F13B0E97}.Release|Any CPU.ActiveCfg = Release|Win32
		{E0F41BFF-6925-4934-A9DD-A043F13B0E97}.Release|x64.ActiveCfg = Release|x64
		{E0F41BFF-6925-4934-A9DD-A043F13B0E97}.Release|x64.Build.0 = Release|x64
		{E0F41BFF-6925-4934-A9DD-A043F13B0E97}.Release|x86.ActiveCfg = Release|Win32
		{E0F41BFF-6925-4934-A9DD-A043F13B0E97}.Release|x86.Build.0 = Release|Win32
		{015B628E-86AE-4D37-97DD-3700EF946707}.Debug|Any CPU.ActiveCfg = Debug|Win32
		{015B628E-86AE-4D37-97DD-3700EF946707}.Debug|x64.ActiveCfg = Debug|x64
		{015B628E-86AE-4D37-97DD-3700EF946707}.Debug|x64.Build.0 = Debug|x64
		{015B628E-86AE-4D37-97DD-3700EF946707}.Debug|x86.ActiveCfg = Debug|Win32
		{015B628E-86AE-4D37-97DD-3700EF946707}.Debug|x86.Build.0 = Debug|Win32
		{015B628E-86AE-4D37-97DD-3700EF946707}.Release|Any CPU.ActiveCfg = Release|Win32
		{015B628E-86AE-4D37-97DD-3700EF946707}.Release|x64.ActiveCfg = Release|x64
		{015B628E-86AE-4D37-97DD-3700EF946707}.Release|x64.Build.0 = Release|x64
		{015B628E-86AE-4D37-97DD-3700EF946707}.Release|x86.ActiveCfg = Release|Win32
		{015B628E-86AE-4D37-97DD-3700EF946707}.Release|x86.Build.0 = Release|Win32
		{C01FA6C5-F870-40E0-9AEB-CF709D5125F5}.Debug|Any CPU.ActiveCfg = Debug|Win32
		{C01FA6C5-F870-40E0-9AEB-CF709D5125F5}.Debug|x64.ActiveCfg = Debug|x64
		{C01FA6C5-F870-40E0-9AEB-CF709D5125F5}.Debug|x64.Build.0 = Debug|x64
		{C01FA6C5-F870-40E0-9AEB-CF709D5125F5}.Debug|x86.ActiveCfg = Debug|Win32
		{C01FA6C5-F870-40E0-9AEB-CF709D5125F5}.Debug|x86.Build.0 = Debug|Win32
		{C01FA6C5-F870-40E0-9AEB-CF709D5125F5}.Release|Any CPU.ActiveCfg = Release|Win32
		{C01FA6C5-F870-40E0-9AEB-CF709D5125F5}.Release|x64.ActiveCfg = Release|x64
		{C01FA6C5-F870-40E0-9AEB-CF709D5125F5}.Release|x64.Build.0 = Release|x64
		{C01FA6C5-F870-40E0-9AEB-CF709D5125F5}.Release|x86.ActiveCfg = Release|Win32
		{C01FA6C5-F870-40E0-9AEB-CF709D5125F5}.Release|x86.Build.0 = Release|Win32
		{45D18B60-554E-4A8A-B22E-95A4D6EDE07E}.Debug|Any CPU.ActiveCfg = Debug|Win32
		{45D18B60-554E-4A8A-B22E-95A4D6EDE07E}.Debug|x64.ActiveCfg = Debug|x64
		{45D18B60-554E-4A8A-B22E-95A4D6EDE07E}.Debug|x64.Build.0 = Debug|x64
		{45D18B60-554E-4A8A-B22E-95A4D6EDE07E}.Debug|x86.ActiveCfg = Debug|Win32
		{45D18B60-554E-4A8A-B22E-95A4D6EDE07E}.Debug|x86.Build.0 = Debug|Win32
		{45D18B60-554E-4A8A-B22E-95A4D6EDE07E}.Release|Any CPU.ActiveCfg = Release|Win32
		{45D18B60-554E-4A8A-B22E-95A4D6EDE07E}.Release|x64.ActiveCfg = Release|x64
		{45D18B60-554E-4A8A-B22E-95A4D6EDE07E}.Release|x64.Build.0 = Release|x64
		{45D18B60-554E-4A8A-B22E-95A4D6EDE07E}.Release|x86.ActiveCfg = Release|Win32
		{45D18B60-554E-4A8A-B22E-95A4D6EDE07E}.Release|x86.Build.0 = Release|Win32
		{39EBA7BD-1B31-4479-B4D3-12072F4FE839}.Debug|Any CPU.ActiveCfg = Debug|Win32
		{39EBA7BD-1B31-4479-B4D3-12072F4FE839}.Debug|x64.ActiveCfg = Debug|x64
		{39EBA7BD-1B31-4479-B4D3-12072F4FE839}.Debug|x64.Build.0 = Debug|x64
		{39EBA7BD-1B31-4479-B4D3-12072F4FE839}.Debug|x86.ActiveCfg = Debug|Win32
		{39EBA7BD-1B31-4479-B4D3-12072F4FE839}.Debug|x86.Build.0 = Debug|Win32
		{39EBA7BD-1B31-4479-B4D3-12072F4FE839}.Release|Any CPU.ActiveCfg = Release|Win32
		{39EBA7BD-1B31-4479-B4D3-12072F4FE839}.Release|x64.ActiveCfg = Release|x64
		{39EBA7BD-1B31-4479-B4D3-12072F4FE839}.Release|x64.Build.0 = Release|x64
		{39EBA7BD-1B31-4479-B4D3-12072F4FE839}.Release|x86.ActiveCfg = Release|Win32
		{39EBA7BD-1B31-4479-B4D3-12072F4FE839}.Release|x86.Build.0 = Release|Win32
	EndGlobalSection
	GlobalSection(SolutionProperties) = preSolution
		HideSolutionNode = FALSE
	EndGlobalSection
	GlobalSection(NestedProjects) = preSolution
		{830934D9-6F6C-C37D-18F2-FB3304348F00} = {DD76EAAC-07DB-4EF5-8C2D-F960D695AA4A}
		{416E416C-4CE6-4163-888B-884D8AD77F7B} = {DD76EAAC-07DB-4EF5-8C2D-F960D695AA4A}
		{FD6FAD3A-1F59-4664-8E23-B3D670F774B2} = {DD76EAAC-07DB-4EF5-8C2D-F960D695AA4A}
		{39EBA7BD-1B31-4479-B4D3-12072F4FE839} = {DD76EAAC-07DB-4EF5-8C2D-F960D695AA4A}
	EndGlobalSection
	GlobalSection(ExtensibilityGlobals) = postSolution
		SolutionGuid = {444A22FA-0AB7-4F80-9783-E0CC7E6EE075}
	EndGlobalSection
EndGlobal
